
Microsoft Visual Studio Solution File, Format Version 12.00
# Visual Studio 15
VisualStudioVersion = 15.0.28307.168
MinimumVisualStudioVersion = 10.0.40219.1
Project("{888888A0-9F3D-457C-B088-3A5042F75D52}") = "[3]", "[3]\[3].pyproj", "{4C3FE70E-9744-4132-B7AA-8518C37262BE}"
EndProject
Global
	GlobalSection(SolutionConfigurationPlatforms) = preSolution
		Debug|Any CPU = Debug|Any CPU
		Release|Any CPU = Release|Any CPU
	EndGlobalSection
	GlobalSection(ProjectConfigurationPlatforms) = postSolution
		{4C3FE70E-9744-4132-B7AA-8518C37262BE}.Debug|Any CPU.ActiveCfg = Debug|Any CPU
		{4C3FE70E-9744-4132-B7AA-8518C37262BE}.Release|Any CPU.ActiveCfg = Release|Any CPU
	EndGlobalSection
	GlobalSection(SolutionProperties) = preSolution
		HideSolutionNode = FALSE
	EndGlobalSection
	GlobalSection(ExtensibilityGlobals) = postSolution
		SolutionGuid = {4CB04B9F-F2EF-4380-931A-6982494D2745}
	EndGlobalSection
EndGlobal
