
Microsoft Visual Studio Solution File, Format Version 12.00
# Visual Studio 15
VisualStudioVersion = 15.0.28307.168
MinimumVisualStudioVersion = 10.0.40219.1
Project("{888888A0-9F3D-457C-B088-3A5042F75D52}") = "[5]", "[5]\[5].pyproj", "{6B71CEF1-8D73-40B6-A40E-B12A6B8DB121}"
EndProject
Global
	GlobalSection(SolutionConfigurationPlatforms) = preSolution
		Debug|Any CPU = Debug|Any CPU
		Release|Any CPU = Release|Any CPU
	EndGlobalSection
	GlobalSection(ProjectConfigurationPlatforms) = postSolution
		{6B71CEF1-8D73-40B6-A40E-B12A6B8DB121}.Debug|Any CPU.ActiveCfg = Debug|Any CPU
		{6B71CEF1-8D73-40B6-A40E-B12A6B8DB121}.Release|Any CPU.ActiveCfg = Release|Any CPU
	EndGlobalSection
	GlobalSection(SolutionProperties) = preSolution
		HideSolutionNode = FALSE
	EndGlobalSection
	GlobalSection(ExtensibilityGlobals) = postSolution
		SolutionGuid = {3048DCE7-A1CE-475D-83C3-49875EF767B1}
	EndGlobalSection
EndGlobal
