
Microsoft Visual Studio Solution File, Format Version 12.00
# Visual Studio 15
VisualStudioVersion = 15.0.28307.168
MinimumVisualStudioVersion = 10.0.40219.1
Project("{888888A0-9F3D-457C-B088-3A5042F75D52}") = "[1]", "[1]\[1].pyproj", "{A69E8C6E-480A-45E0-A89E-55C855553456}"
EndProject
Global
	GlobalSection(SolutionConfigurationPlatforms) = preSolution
		Debug|Any CPU = Debug|Any CPU
		Release|Any CPU = Release|Any CPU
	EndGlobalSection
	GlobalSection(ProjectConfigurationPlatforms) = postSolution
		{A69E8C6E-480A-45E0-A89E-55C855553456}.Debug|Any CPU.ActiveCfg = Debug|Any CPU
		{A69E8C6E-480A-45E0-A89E-55C855553456}.Release|Any CPU.ActiveCfg = Release|Any CPU
	EndGlobalSection
	GlobalSection(SolutionProperties) = preSolution
		HideSolutionNode = FALSE
	EndGlobalSection
	GlobalSection(ExtensibilityGlobals) = postSolution
		SolutionGuid = {BAA5C7CB-006D-444E-92B1-E0BBE2073E88}
	EndGlobalSection
EndGlobal
